
Microsoft Visual Studio Solution File, Format Version 12.00
# Visual Studio Version 17
VisualStudioVersion = 17.5.002.0
MinimumVisualStudioVersion = 10.0.40219.1
Project("{9A19103F-16F7-4668-BE54-9A1E7A4F7556}") = "PlayerManager4", "PlayerManager4.csproj", "{6B4DBCE6-AB4E-448F-A104-5281C7D29C8E}"
EndProject
Global
	GlobalSection(SolutionConfigurationPlatforms) = preSolution
		Debug|Any CPU = Debug|Any CPU
		Release|Any CPU = Release|Any CPU
	EndGlobalSection
	GlobalSection(ProjectConfigurationPlatforms) = postSolution
		{6B4DBCE6-AB4E-448F-A104-5281C7D29C8E}.Debug|Any CPU.ActiveCfg = Debug|Any CPU
		{6B4DBCE6-AB4E-448F-A104-5281C7D29C8E}.Debug|Any CPU.Build.0 = Debug|Any CPU
		{6B4DBCE6-AB4E-448F-A104-5281C7D29C8E}.Release|Any CPU.ActiveCfg = Release|Any CPU
		{6B4DBCE6-AB4E-448F-A104-5281C7D29C8E}.Release|Any CPU.Build.0 = Release|Any CPU
	EndGlobalSection
	GlobalSection(SolutionProperties) = preSolution
		HideSolutionNode = FALSE
	EndGlobalSection
	GlobalSection(ExtensibilityGlobals) = postSolution
		SolutionGuid = {A978A8EC-7027-45A9-BA08-3133994AF284}
	EndGlobalSection
EndGlobal
